
Microsoft Visual Studio Solution File, Format Version 12.00
Project("{FAE04EC0-301F-11D3-BF4B-00C04F79EFBC}") = "xUnit", "xUnit\xUnit.csproj", "{08F019B3-27D4-43EE-BDCA-AF826467B438}"
EndProject
Global
	GlobalSection(SolutionConfigurationPlatforms) = preSolution
		Debug|Any CPU = Debug|Any CPU
		Release|Any CPU = Release|Any CPU
	EndGlobalSection
	GlobalSection(ProjectConfigurationPlatforms) = postSolution
		{08F019B3-27D4-43EE-BDCA-AF826467B438}.Debug|Any CPU.ActiveCfg = Debug|Any CPU
		{08F019B3-27D4-43EE-BDCA-AF826467B438}.Debug|Any CPU.Build.0 = Debug|Any CPU
		{08F019B3-27D4-43EE-BDCA-AF826467B438}.Release|Any CPU.ActiveCfg = Release|Any CPU
		{08F019B3-27D4-43EE-BDCA-AF826467B438}.Release|Any CPU.Build.0 = Release|Any CPU
	EndGlobalSection
EndGlobal
