
Microsoft Visual Studio Solution File, Format Version 12.00
# Visual Studio Version 17
VisualStudioVersion = 17.5.002.0
MinimumVisualStudioVersion = 10.0.40219.1
Project("{9A19103F-16F7-4668-BE54-9A1E7A4F7556}") = "testconvert16", "testconvert16.csproj", "{8C0BD8F2-9D08-48B2-A994-D8440F44A65E}"
EndProject
Global
	GlobalSection(SolutionConfigurationPlatforms) = preSolution
		Debug|Any CPU = Debug|Any CPU
		Release|Any CPU = Release|Any CPU
	EndGlobalSection
	GlobalSection(ProjectConfigurationPlatforms) = postSolution
		{8C0BD8F2-9D08-48B2-A994-D8440F44A65E}.Debug|Any CPU.ActiveCfg = Debug|Any CPU
		{8C0BD8F2-9D08-48B2-A994-D8440F44A65E}.Debug|Any CPU.Build.0 = Debug|Any CPU
		{8C0BD8F2-9D08-48B2-A994-D8440F44A65E}.Release|Any CPU.ActiveCfg = Release|Any CPU
		{8C0BD8F2-9D08-48B2-A994-D8440F44A65E}.Release|Any CPU.Build.0 = Release|Any CPU
	EndGlobalSection
	GlobalSection(SolutionProperties) = preSolution
		HideSolutionNode = FALSE
	EndGlobalSection
	GlobalSection(ExtensibilityGlobals) = postSolution
		SolutionGuid = {A9596AFB-5027-47DD-8BED-C8D279F32BAE}
	EndGlobalSection
EndGlobal
