
Microsoft Visual Studio Solution File, Format Version 12.00
# Visual Studio Version 17
VisualStudioVersion = 17.5.002.0
MinimumVisualStudioVersion = 10.0.40219.1
Project("{9A19103F-16F7-4668-BE54-9A1E7A4F7556}") = "MusicBrowser.Console", "MusicBrowser.Console.csproj", "{B6EFDE9D-39B2-4BA3-90D8-4C5AC7D403CB}"
EndProject
Global
	GlobalSection(SolutionConfigurationPlatforms) = preSolution
		Debug|Any CPU = Debug|Any CPU
		Release|Any CPU = Release|Any CPU
	EndGlobalSection
	GlobalSection(ProjectConfigurationPlatforms) = postSolution
		{B6EFDE9D-39B2-4BA3-90D8-4C5AC7D403CB}.Debug|Any CPU.ActiveCfg = Debug|Any CPU
		{B6EFDE9D-39B2-4BA3-90D8-4C5AC7D403CB}.Debug|Any CPU.Build.0 = Debug|Any CPU
		{B6EFDE9D-39B2-4BA3-90D8-4C5AC7D403CB}.Release|Any CPU.ActiveCfg = Release|Any CPU
		{B6EFDE9D-39B2-4BA3-90D8-4C5AC7D403CB}.Release|Any CPU.Build.0 = Release|Any CPU
	EndGlobalSection
	GlobalSection(SolutionProperties) = preSolution
		HideSolutionNode = FALSE
	EndGlobalSection
	GlobalSection(ExtensibilityGlobals) = postSolution
		SolutionGuid = {BA796103-9EB9-4FD2-B34E-3B19C615CDCE}
	EndGlobalSection
EndGlobal
