
Microsoft Visual Studio Solution File, Format Version 12.00
# Visual Studio Version 17
VisualStudioVersion = 17.4.33205.214
MinimumVisualStudioVersion = 10.0.40219.1
Project("{9A19103F-16F7-4668-BE54-9A1E7A4F7556}") = "GatesController.Core", "GatesController.Core\GatesController.Core.csproj", "{2898EF58-B6A8-4189-A36E-B8DF0D6D5BAB}"
EndProject
Project("{FAE04EC0-301F-11D3-BF4B-00C04F79EFBC}") = "GatesController.Emulator", "GatesController.Emulator\GatesController.Emulator.csproj", "{15C657C1-6A98-4EE6-B213-AE4B5EDAEDC8}"
EndProject
Global
	GlobalSection(SolutionConfigurationPlatforms) = preSolution
		Debug|Any CPU = Debug|Any CPU
		Release|Any CPU = Release|Any CPU
	EndGlobalSection
	GlobalSection(ProjectConfigurationPlatforms) = postSolution
		{2898EF58-B6A8-4189-A36E-B8DF0D6D5BAB}.Debug|Any CPU.ActiveCfg = Debug|Any CPU
		{2898EF58-B6A8-4189-A36E-B8DF0D6D5BAB}.Debug|Any CPU.Build.0 = Debug|Any CPU
		{2898EF58-B6A8-4189-A36E-B8DF0D6D5BAB}.Release|Any CPU.ActiveCfg = Release|Any CPU
		{2898EF58-B6A8-4189-A36E-B8DF0D6D5BAB}.Release|Any CPU.Build.0 = Release|Any CPU
		{15C657C1-6A98-4EE6-B213-AE4B5EDAEDC8}.Debug|Any CPU.ActiveCfg = Debug|Any CPU
		{15C657C1-6A98-4EE6-B213-AE4B5EDAEDC8}.Debug|Any CPU.Build.0 = Debug|Any CPU
		{15C657C1-6A98-4EE6-B213-AE4B5EDAEDC8}.Release|Any CPU.ActiveCfg = Release|Any CPU
		{15C657C1-6A98-4EE6-B213-AE4B5EDAEDC8}.Release|Any CPU.Build.0 = Release|Any CPU
	EndGlobalSection
	GlobalSection(SolutionProperties) = preSolution
		HideSolutionNode = FALSE
	EndGlobalSection
	GlobalSection(ExtensibilityGlobals) = postSolution
		SolutionGuid = {E0B80B08-428F-4067-914D-7BEB4D3D37D8}
	EndGlobalSection
EndGlobal
