
Microsoft Visual Studio Solution File, Format Version 12.00
# Visual Studio Version 17
VisualStudioVersion = 17.5.002.0
MinimumVisualStudioVersion = 10.0.40219.1
Project("{9A19103F-16F7-4668-BE54-9A1E7A4F7556}") = "test3", "test3.csproj", "{7EE642A4-6035-44A6-B680-682C94E2CED4}"
EndProject
Global
	GlobalSection(SolutionConfigurationPlatforms) = preSolution
		Debug|Any CPU = Debug|Any CPU
		Release|Any CPU = Release|Any CPU
	EndGlobalSection
	GlobalSection(ProjectConfigurationPlatforms) = postSolution
		{7EE642A4-6035-44A6-B680-682C94E2CED4}.Debug|Any CPU.ActiveCfg = Debug|Any CPU
		{7EE642A4-6035-44A6-B680-682C94E2CED4}.Debug|Any CPU.Build.0 = Debug|Any CPU
		{7EE642A4-6035-44A6-B680-682C94E2CED4}.Release|Any CPU.ActiveCfg = Release|Any CPU
		{7EE642A4-6035-44A6-B680-682C94E2CED4}.Release|Any CPU.Build.0 = Release|Any CPU
	EndGlobalSection
	GlobalSection(SolutionProperties) = preSolution
		HideSolutionNode = FALSE
	EndGlobalSection
	GlobalSection(ExtensibilityGlobals) = postSolution
		SolutionGuid = {FFE56A63-B4CF-4766-8F68-DD21F49546CD}
	EndGlobalSection
EndGlobal
